{
	"name": "totalproject",
	"version": "1.0.0",
	"lockfileVersion": 1,
	"requires": true,
	"dependencies": {
		"total4": {
			"version": "0.0.60",
			"resolved": "https://registry.npmjs.org/total4/-/total4-0.0.60.tgz",
			"integrity": "sha512-Rr8C9BPvZRiNia1D8TOeY3HbBzPougH/sJmXJ3q5S+F6K+iN7lGr9Akhaw44A3ZW+asv7cejw4vc4x/SKcExpA=="
		}
	}
}
